
Microsoft Visual Studio Solution File, Format Version 12.00
# Visual Studio Version 16
VisualStudioVersion = 16.0.30517.126
MinimumVisualStudioVersion = 10.0.40219.1
Project("{FAE04EC0-301F-11D3-BF4B-00C04F79EFBC}") = "Task1", "Task1\Task1.csproj", "{F2038196-6F84-4471-A2E3-B7CC29138A5F}"
EndProject
Project("{FAE04EC0-301F-11D3-BF4B-00C04F79EFBC}") = "Task2", "Task2\Task2.csproj", "{6A79803A-A320-4C73-990C-76B3CEE2B635}"
EndProject
Project("{FAE04EC0-301F-11D3-BF4B-00C04F79EFBC}") = "Task1Tests", "Task1Tests\Task1Tests.csproj", "{88DB2DCB-88C7-4B50-8463-9984ED79AC8B}"
EndProject
Project("{FAE04EC0-301F-11D3-BF4B-00C04F79EFBC}") = "Task2Tests", "Task2Tests\Task2Tests.csproj", "{E3F8F97C-EE0F-4CBA-BDE0-BB2A8FCADDED}"
EndProject
Project("{FAE04EC0-301F-11D3-BF4B-00C04F79EFBC}") = "Task3", "Task3\Task3.csproj", "{A6EB054B-487F-44FD-AEDD-920534C8CAA8}"
EndProject
Project("{FAE04EC0-301F-11D3-BF4B-00C04F79EFBC}") = "Task3Tests", "Task3Tests\Task3Tests.csproj", "{09FD5D0B-E313-4B42-A59E-5FBDD443529A}"
EndProject
Project("{FAE04EC0-301F-11D3-BF4B-00C04F79EFBC}") = "Task4", "Task4\Task4.csproj", "{1D561BED-7256-4238-ABC3-3A3E877E5123}"
EndProject
Project("{FAE04EC0-301F-11D3-BF4B-00C04F79EFBC}") = "Task4Tests", "Task4Tests\Task4Tests.csproj", "{97ACE7BD-6285-4BFB-9E94-659F4AF3C7BD}"
EndProject
Project("{FAE04EC0-301F-11D3-BF4B-00C04F79EFBC}") = "Task5", "Task5\Task5.csproj", "{2F24FA77-69D7-4A36-B4FB-358CC7C7EED1}"
EndProject
Project("{FAE04EC0-301F-11D3-BF4B-00C04F79EFBC}") = "Task5Tests", "Task5Tests\Task5Tests.csproj", "{793A1940-B635-4683-9749-091FF2FAADB9}"
EndProject
Project("{FAE04EC0-301F-11D3-BF4B-00C04F79EFBC}") = "Task6", "Task6\Task6.csproj", "{2374D83B-B979-4302-966C-74AB6CCC2DAE}"
EndProject
Project("{FAE04EC0-301F-11D3-BF4B-00C04F79EFBC}") = "Task6Tests", "Task6Tests\Task6Tests.csproj", "{180FE3B8-D9C5-4C2F-85A6-49D23EBE51EE}"
EndProject
Global
	GlobalSection(SolutionConfigurationPlatforms) = preSolution
		Debug|Any CPU = Debug|Any CPU
		Release|Any CPU = Release|Any CPU
	EndGlobalSection
	GlobalSection(ProjectConfigurationPlatforms) = postSolution
		{F2038196-6F84-4471-A2E3-B7CC29138A5F}.Debug|Any CPU.ActiveCfg = Debug|Any CPU
		{F2038196-6F84-4471-A2E3-B7CC29138A5F}.Debug|Any CPU.Build.0 = Debug|Any CPU
		{F2038196-6F84-4471-A2E3-B7CC29138A5F}.Release|Any CPU.ActiveCfg = Release|Any CPU
		{F2038196-6F84-4471-A2E3-B7CC29138A5F}.Release|Any CPU.Build.0 = Release|Any CPU
		{6A79803A-A320-4C73-990C-76B3CEE2B635}.Debug|Any CPU.ActiveCfg = Debug|Any CPU
		{6A79803A-A320-4C73-990C-76B3CEE2B635}.Debug|Any CPU.Build.0 = Debug|Any CPU
		{6A79803A-A320-4C73-990C-76B3CEE2B635}.Release|Any CPU.ActiveCfg = Release|Any CPU
		{6A79803A-A320-4C73-990C-76B3CEE2B635}.Release|Any CPU.Build.0 = Release|Any CPU
		{88DB2DCB-88C7-4B50-8463-9984ED79AC8B}.Debug|Any CPU.ActiveCfg = Debug|Any CPU
		{88DB2DCB-88C7-4B50-8463-9984ED79AC8B}.Debug|Any CPU.Build.0 = Debug|Any CPU
		{88DB2DCB-88C7-4B50-8463-9984ED79AC8B}.Release|Any CPU.ActiveCfg = Release|Any CPU
		{88DB2DCB-88C7-4B50-8463-9984ED79AC8B}.Release|Any CPU.Build.0 = Release|Any CPU
		{E3F8F97C-EE0F-4CBA-BDE0-BB2A8FCADDED}.Debug|Any CPU.ActiveCfg = Debug|Any CPU
		{E3F8F97C-EE0F-4CBA-BDE0-BB2A8FCADDED}.Debug|Any CPU.Build.0 = Debug|Any CPU
		{E3F8F97C-EE0F-4CBA-BDE0-BB2A8FCADDED}.Release|Any CPU.ActiveCfg = Release|Any CPU
		{E3F8F97C-EE0F-4CBA-BDE0-BB2A8FCADDED}.Release|Any CPU.Build.0 = Release|Any CPU
		{A6EB054B-487F-44FD-AEDD-920534C8CAA8}.Debug|Any CPU.ActiveCfg = Debug|Any CPU
		{A6EB054B-487F-44FD-AEDD-920534C8CAA8}.Debug|Any CPU.Build.0 = Debug|Any CPU
		{A6EB054B-487F-44FD-AEDD-920534C8CAA8}.Release|Any CPU.ActiveCfg = Release|Any CPU
		{A6EB054B-487F-44FD-AEDD-920534C8CAA8}.Release|Any CPU.Build.0 = Release|Any CPU
		{09FD5D0B-E313-4B42-A59E-5FBDD443529A}.Debug|Any CPU.ActiveCfg = Debug|Any CPU
		{09FD5D0B-E313-4B42-A59E-5FBDD443529A}.Debug|Any CPU.Build.0 = Debug|Any CPU
		{09FD5D0B-E313-4B42-A59E-5FBDD443529A}.Release|Any CPU.ActiveCfg = Release|Any CPU
		{09FD5D0B-E313-4B42-A59E-5FBDD443529A}.Release|Any CPU.Build.0 = Release|Any CPU
		{1D561BED-7256-4238-ABC3-3A3E877E5123}.Debug|Any CPU.ActiveCfg = Debug|Any CPU
		{1D561BED-7256-4238-ABC3-3A3E877E5123}.Debug|Any CPU.Build.0 = Debug|Any CPU
		{1D561BED-7256-4238-ABC3-3A3E877E5123}.Release|Any CPU.ActiveCfg = Release|Any CPU
		{1D561BED-7256-4238-ABC3-3A3E877E5123}.Release|Any CPU.Build.0 = Release|Any CPU
		{97ACE7BD-6285-4BFB-9E94-659F4AF3C7BD}.Debug|Any CPU.ActiveCfg = Debug|Any CPU
		{97ACE7BD-6285-4BFB-9E94-659F4AF3C7BD}.Debug|Any CPU.Build.0 = Debug|Any CPU
		{97ACE7BD-6285-4BFB-9E94-659F4AF3C7BD}.Release|Any CPU.ActiveCfg = Release|Any CPU
		{97ACE7BD-6285-4BFB-9E94-659F4AF3C7BD}.Release|Any CPU.Build.0 = Release|Any CPU
		{2F24FA77-69D7-4A36-B4FB-358CC7C7EED1}.Debug|Any CPU.ActiveCfg = Debug|Any CPU
		{2F24FA77-69D7-4A36-B4FB-358CC7C7EED1}.Debug|Any CPU.Build.0 = Debug|Any CPU
		{2F24FA77-69D7-4A36-B4FB-358CC7C7EED1}.Release|Any CPU.ActiveCfg = Release|Any CPU
		{2F24FA77-69D7-4A36-B4FB-358CC7C7EED1}.Release|Any CPU.Build.0 = Release|Any CPU
		{793A1940-B635-4683-9749-091FF2FAADB9}.Debug|Any CPU.ActiveCfg = Debug|Any CPU
		{793A1940-B635-4683-9749-091FF2FAADB9}.Debug|Any CPU.Build.0 = Debug|Any CPU
		{793A1940-B635-4683-9749-091FF2FAADB9}.Release|Any CPU.ActiveCfg = Release|Any CPU
		{793A1940-B635-4683-9749-091FF2FAADB9}.Release|Any CPU.Build.0 = Release|Any CPU
		{2374D83B-B979-4302-966C-74AB6CCC2DAE}.Debug|Any CPU.ActiveCfg = Debug|Any CPU
		{2374D83B-B979-4302-966C-74AB6CCC2DAE}.Debug|Any CPU.Build.0 = Debug|Any CPU
		{2374D83B-B979-4302-966C-74AB6CCC2DAE}.Release|Any CPU.ActiveCfg = Release|Any CPU
		{2374D83B-B979-4302-966C-74AB6CCC2DAE}.Release|Any CPU.Build.0 = Release|Any CPU
		{180FE3B8-D9C5-4C2F-85A6-49D23EBE51EE}.Debug|Any CPU.ActiveCfg = Debug|Any CPU
		{180FE3B8-D9C5-4C2F-85A6-49D23EBE51EE}.Debug|Any CPU.Build.0 = Debug|Any CPU
		{180FE3B8-D9C5-4C2F-85A6-49D23EBE51EE}.Release|Any CPU.ActiveCfg = Release|Any CPU
		{180FE3B8-D9C5-4C2F-85A6-49D23EBE51EE}.Release|Any CPU.Build.0 = Release|Any CPU
	EndGlobalSection
	GlobalSection(SolutionProperties) = preSolution
		HideSolutionNode = FALSE
	EndGlobalSection
	GlobalSection(ExtensibilityGlobals) = postSolution
		SolutionGuid = {61B7E430-3A6E-4EAC-84EE-5BAEC6E6CB45}
	EndGlobalSection
EndGlobal
